// !$*UTF8*$!
{
	archiveVersion = 1;
	classes = {
	};
	objectVersion = 77;
	objects = {

/* Begin PBXBuildFile section */
		B5C1979D2FFA840D00052574 /* InstrumentSans_Condensed-MediumItalic.ttf in Resources */ = {isa = PBXBuildFile; fileRef = B5C197832FFA840D00052574 /* InstrumentSans_Condensed-MediumItalic.ttf */; };
		B5C1979E2FFA840D00052574 /* OFL.txt in Resources */ = {isa = PBXBuildFile; fileRef = B5C1979A2FFA840D00052574 /* OFL.txt */; };
		B5C1979F2FFA840D00052574 /* InstrumentSans-BoldItalic.ttf in Resources */ = {isa = PBXBuildFile; fileRef = B5C197902FFA840D00052574 /* InstrumentSans-BoldItalic.ttf */; };
		B5C197A02FFA840D00052574 /* InstrumentSans-SemiBold.ttf in Resources */ = {isa = PBXBuildFile; fileRef = B5C197952FFA840D00052574 /* InstrumentSans-SemiBold.ttf */; };
		B5C197A12FFA840D00052574 /* InstrumentSans_SemiCondensed-MediumItalic.ttf in Resources */ = {isa = PBXBuildFile; fileRef = B5C1978B2FFA840D00052574 /* InstrumentSans_SemiCondensed-MediumItalic.ttf */; };
		B5C197A22FFA840D00052574 /* InstrumentSans_SemiCondensed-Medium.ttf in Resources */ = {isa = PBXBuildFile; fileRef = B5C1978A2FFA840D00052574 /* InstrumentSans_SemiCondensed-Medium.ttf */; };
		B5C197A32FFA840D00052574 /* InstrumentSans_Condensed-Medium.ttf in Resources */ = {isa = PBXBuildFile; fileRef = B5C197822FFA840D00052574 /* InstrumentSans_Condensed-Medium.ttf */; };
		B5C197A42FFA840D00052574 /* InstrumentSans-Italic.ttf in Resources */ = {isa = PBXBuildFile; fileRef = B5C197912FFA840D00052574 /* InstrumentSans-Italic.ttf */; };
		B5C197A52FFA840D00052574 /* InstrumentSans_SemiCondensed-Bold.ttf in Resources */ = {isa = PBXBuildFile; fileRef = B5C197872FFA840D00052574 /* InstrumentSans_SemiCondensed-Bold.ttf */; };
		B5C197A62FFA840D00052574 /* InstrumentSans-VariableFont_wdth,wght.ttf in Resources */ = {isa = PBXBuildFile; fileRef = B5C197992FFA840D00052574 /* InstrumentSans-VariableFont_wdth,wght.ttf */; };
		B5C197A72FFA840D00052574 /* InstrumentSans_SemiCondensed-SemiBoldItalic.ttf in Resources */ = {isa = PBXBuildFile; fileRef = B5C1978E2FFA840D00052574 /* InstrumentSans_SemiCondensed-SemiBoldItalic.ttf */; };
		B5C197A82FFA840D00052574 /* InstrumentSans-Italic-VariableFont_wdth,wght.ttf in Resources */ = {isa = PBXBuildFile; fileRef = B5C197982FFA840D00052574 /* InstrumentSans-Italic-VariableFont_wdth,wght.ttf */; };
		B5C197A92FFA840D00052574 /* InstrumentSans_SemiCondensed-BoldItalic.ttf in Resources */ = {isa = PBXBuildFile; fileRef = B5C197882FFA840D00052574 /* InstrumentSans_SemiCondensed-BoldItalic.ttf */; };
		B5C197AA2FFA840D00052574 /* InstrumentSans_SemiCondensed-Regular.ttf in Resources */ = {isa = PBXBuildFile; fileRef = B5C1978C2FFA840D00052574 /* InstrumentSans_SemiCondensed-Regular.ttf */; };
		B5C197AB2FFA840D00052574 /* InstrumentSans_Condensed-Regular.ttf in Resources */ = {isa = PBXBuildFile; fileRef = B5C197842FFA840D00052574 /* InstrumentSans_Condensed-Regular.ttf */; };
		B5C197AC2FFA840D00052574 /* InstrumentSans-MediumItalic.ttf in Resources */ = {isa = PBXBuildFile; fileRef = B5C197932FFA840D00052574 /* InstrumentSans-MediumItalic.ttf */; };
		B5C197AD2FFA840D00052574 /* InstrumentSans-Regular.ttf in Resources */ = {isa = PBXBuildFile; fileRef = B5C197942FFA840D00052574 /* InstrumentSans-Regular.ttf */; };
		B5C197AE2FFA840D00052574 /* InstrumentSans-Bold.ttf in Resources */ = {isa = PBXBuildFile; fileRef = B5C1978F2FFA840D00052574 /* InstrumentSans-Bold.ttf */; };
		B5C197AF2FFA840D00052574 /* InstrumentSans_Condensed-SemiBoldItalic.ttf in Resources */ = {isa = PBXBuildFile; fileRef = B5C197862FFA840D00052574 /* InstrumentSans_Condensed-SemiBoldItalic.ttf */; };
		B5C197B02FFA840D00052574 /* InstrumentSans_SemiCondensed-SemiBold.ttf in Resources */ = {isa = PBXBuildFile; fileRef = B5C1978D2FFA840D00052574 /* InstrumentSans_SemiCondensed-SemiBold.ttf */; };
		B5C197B12FFA840D00052574 /* InstrumentSans_Condensed-BoldItalic.ttf in Resources */ = {isa = PBXBuildFile; fileRef = B5C197802FFA840D00052574 /* InstrumentSans_Condensed-BoldItalic.ttf */; };
		B5C197B22FFA840D00052574 /* InstrumentSans_Condensed-Italic.ttf in Resources */ = {isa = PBXBuildFile; fileRef = B5C197812FFA840D00052574 /* InstrumentSans_Condensed-Italic.ttf */; };
		B5C197B32FFA840D00052574 /* InstrumentSans-Medium.ttf in Resources */ = {isa = PBXBuildFile; fileRef = B5C197922FFA840D00052574 /* InstrumentSans-Medium.ttf */; };
		B5C197B42FFA840D00052574 /* README.txt in Resources */ = {isa = PBXBuildFile; fileRef = B5C1979B2FFA840D00052574 /* README.txt */; };
		B5C197B52FFA840D00052574 /* InstrumentSans_SemiCondensed-Italic.ttf in Resources */ = {isa = PBXBuildFile; fileRef = B5C197892FFA840D00052574 /* InstrumentSans_SemiCondensed-Italic.ttf */; };
		B5C197B62FFA840D00052574 /* InstrumentSans_Condensed-Bold.ttf in Resources */ = {isa = PBXBuildFile; fileRef = B5C1977F2FFA840D00052574 /* InstrumentSans_Condensed-Bold.ttf */; };
		B5C197B72FFA840D00052574 /* InstrumentSans-SemiBoldItalic.ttf in Resources */ = {isa = PBXBuildFile; fileRef = B5C197962FFA840D00052574 /* InstrumentSans-SemiBoldItalic.ttf */; };
		B5C197B82FFA840D00052574 /* InstrumentSans_Condensed-SemiBold.ttf in Resources */ = {isa = PBXBuildFile; fileRef = B5C197852FFA840D00052574 /* InstrumentSans_Condensed-SemiBold.ttf */; };
/* End PBXBuildFile section */

/* Begin PBXFileReference section */
		B57DA8EE2FDD44FF002E1E2B /* TravelJournal.app */ = {isa = PBXFileReference; explicitFileType = wrapper.application; includeInIndex = 0; path = TravelJournal.app; sourceTree = BUILT_PRODUCTS_DIR; };
		B5C1977F2FFA840D00052574 /* InstrumentSans_Condensed-Bold.ttf */ = {isa = PBXFileReference; lastKnownFileType = file; path = "InstrumentSans_Condensed-Bold.ttf"; sourceTree = "<group>"; };
		B5C197802FFA840D00052574 /* InstrumentSans_Condensed-BoldItalic.ttf */ = {isa = PBXFileReference; lastKnownFileType = file; path = "InstrumentSans_Condensed-BoldItalic.ttf"; sourceTree = "<group>"; };
		B5C197812FFA840D00052574 /* InstrumentSans_Condensed-Italic.ttf */ = {isa = PBXFileReference; lastKnownFileType = file; path = "InstrumentSans_Condensed-Italic.ttf"; sourceTree = "<group>"; };
		B5C197822FFA840D00052574 /* InstrumentSans_Condensed-Medium.ttf */ = {isa = PBXFileReference; lastKnownFileType = file; path = "InstrumentSans_Condensed-Medium.ttf"; sourceTree = "<group>"; };
		B5C197832FFA840D00052574 /* InstrumentSans_Condensed-MediumItalic.ttf */ = {isa = PBXFileReference; lastKnownFileType = file; path = "InstrumentSans_Condensed-MediumItalic.ttf"; sourceTree = "<group>"; };
		B5C197842FFA840D00052574 /* InstrumentSans_Condensed-Regular.ttf */ = {isa = PBXFileReference; lastKnownFileType = file; path = "InstrumentSans_Condensed-Regular.ttf"; sourceTree = "<group>"; };
		B5C197852FFA840D00052574 /* InstrumentSans_Condensed-SemiBold.ttf */ = {isa = PBXFileReference; lastKnownFileType = file; path = "InstrumentSans_Condensed-SemiBold.ttf"; sourceTree = "<group>"; };
		B5C197862FFA840D00052574 /* InstrumentSans_Condensed-SemiBoldItalic.ttf */ = {isa = PBXFileReference; lastKnownFileType = file; path = "InstrumentSans_Condensed-SemiBoldItalic.ttf"; sourceTree = "<group>"; };
		B5C197872FFA840D00052574 /* InstrumentSans_SemiCondensed-Bold.ttf */ = {isa = PBXFileReference; lastKnownFileType = file; path = "InstrumentSans_SemiCondensed-Bold.ttf"; sourceTree = "<group>"; };
		B5C197882FFA840D00052574 /* InstrumentSans_SemiCondensed-BoldItalic.ttf */ = {isa = PBXFileReference; lastKnownFileType = file; path = "InstrumentSans_SemiCondensed-BoldItalic.ttf"; sourceTree = "<group>"; };
		B5C197892FFA840D00052574 /* InstrumentSans_SemiCondensed-Italic.ttf */ = {isa = PBXFileReference; lastKnownFileType = file; path = "InstrumentSans_SemiCondensed-Italic.ttf"; sourceTree = "<group>"; };
		B5C1978A2FFA840D00052574 /* InstrumentSans_SemiCondensed-Medium.ttf */ = {isa = PBXFileReference; lastKnownFileType = file; path = "InstrumentSans_SemiCondensed-Medium.ttf"; sourceTree = "<group>"; };
		B5C1978B2FFA840D00052574 /* InstrumentSans_SemiCondensed-MediumItalic.ttf */ = {isa = PBXFileReference; lastKnownFileType = file; path = "InstrumentSans_SemiCondensed-MediumItalic.ttf"; sourceTree = "<group>"; };
		B5C1978C2FFA840D00052574 /* InstrumentSans_SemiCondensed-Regular.ttf */ = {isa = PBXFileReference; lastKnownFileType = file; path = "InstrumentSans_SemiCondensed-Regular.ttf"; sourceTree = "<group>"; };
		B5C1978D2FFA840D00052574 /* InstrumentSans_SemiCondensed-SemiBold.ttf */ = {isa = PBXFileReference; lastKnownFileType = file; path = "InstrumentSans_SemiCondensed-SemiBold.ttf"; sourceTree = "<group>"; };
		B5C1978E2FFA840D00052574 /* InstrumentSans_SemiCondensed-SemiBoldItalic.ttf */ = {isa = PBXFileReference; lastKnownFileType = file; path = "InstrumentSans_SemiCondensed-SemiBoldItalic.ttf"; sourceTree = "<group>"; };
		B5C1978F2FFA840D00052574 /* InstrumentSans-Bold.ttf */ = {isa = PBXFileReference; lastKnownFileType = file; path = "InstrumentSans-Bold.ttf"; sourceTree = "<group>"; };
		B5C197902FFA840D00052574 /* InstrumentSans-BoldItalic.ttf */ = {isa = PBXFileReference; lastKnownFileType = file; path = "InstrumentSans-BoldItalic.ttf"; sourceTree = "<group>"; };
		B5C197912FFA840D00052574 /* InstrumentSans-Italic.ttf */ = {isa = PBXFileReference; lastKnownFileType = file; path = "InstrumentSans-Italic.ttf"; sourceTree = "<group>"; };
		B5C197922FFA840D00052574 /* InstrumentSans-Medium.ttf */ = {isa = PBXFileReference; lastKnownFileType = file; path = "InstrumentSans-Medium.ttf"; sourceTree = "<group>"; };
		B5C197932FFA840D00052574 /* InstrumentSans-MediumItalic.ttf */ = {isa = PBXFileReference; lastKnownFileType = file; path = "InstrumentSans-MediumItalic.ttf"; sourceTree = "<group>"; };
		B5C197942FFA840D00052574 /* InstrumentSans-Regular.ttf */ = {isa = PBXFileReference; lastKnownFileType = file; path = "InstrumentSans-Regular.ttf"; sourceTree = "<group>"; };
		B5C197952FFA840D00052574 /* InstrumentSans-SemiBold.ttf */ = {isa = PBXFileReference; lastKnownFileType = file; path = "InstrumentSans-SemiBold.ttf"; sourceTree = "<group>"; };
		B5C197962FFA840D00052574 /* InstrumentSans-SemiBoldItalic.ttf */ = {isa = PBXFileReference; lastKnownFileType = file; path = "InstrumentSans-SemiBoldItalic.ttf"; sourceTree = "<group>"; };
		B5C197982FFA840D00052574 /* InstrumentSans-Italic-VariableFont_wdth,wght.ttf */ = {isa = PBXFileReference; lastKnownFileType = file; path = "InstrumentSans-Italic-VariableFont_wdth,wght.ttf"; sourceTree = "<group>"; };
		B5C197992FFA840D00052574 /* InstrumentSans-VariableFont_wdth,wght.ttf */ = {isa = PBXFileReference; lastKnownFileType = file; path = "InstrumentSans-VariableFont_wdth,wght.ttf"; sourceTree = "<group>"; };
		B5C1979A2FFA840D00052574 /* OFL.txt */ = {isa = PBXFileReference; lastKnownFileType = text; path = OFL.txt; sourceTree = "<group>"; };
		B5C1979B2FFA840D00052574 /* README.txt */ = {isa = PBXFileReference; lastKnownFileType = text; path = README.txt; sourceTree = "<group>"; };
/* End PBXFileReference section */

/* Begin PBXFileSystemSynchronizedBuildFileExceptionSet section */
		B51709812FDEF590000E40C3 /* Exceptions for "TravelJournal" folder in "TravelJournal" target */ = {
			isa = PBXFileSystemSynchronizedBuildFileExceptionSet;
			membershipExceptions = (
				Info.plist,
				"InstrumentSans-Bold.ttf",
				"InstrumentSans-Medium.ttf",
				"InstrumentSans-Regular.ttf",
				"InstrumentSans-SemiBold.ttf",
				Views/JournalEntryRowView.swift,
			);
			target = B57DA8ED2FDD44FF002E1E2B /* TravelJournal */;
		};
/* End PBXFileSystemSynchronizedBuildFileExceptionSet section */

/* Begin PBXFileSystemSynchronizedRootGroup section */
		B57DA8F02FDD44FF002E1E2B /* TravelJournal */ = {
			isa = PBXFileSystemSynchronizedRootGroup;
			exceptions = (
				B51709812FDEF590000E40C3 /* Exceptions for "TravelJournal" folder in "TravelJournal" target */,
			);
			path = TravelJournal;
			sourceTree = "<group>";
		};
/* End PBXFileSystemSynchronizedRootGroup section */

/* Begin PBXFrameworksBuildPhase section */
		B57DA8EB2FDD44FF002E1E2B /* Frameworks */ = {
			isa = PBXFrameworksBuildPhase;
			buildActionMask = 2147483647;
			files = (
			);
			runOnlyForDeploymentPostprocessing = 0;
		};
/* End PBXFrameworksBuildPhase section */

/* Begin PBXGroup section */
		B57DA8E52FDD44FF002E1E2B = {
			isa = PBXGroup;
			children = (
				B5C1979C2FFA840D00052574 /* Instrument_Sans */,
				B57DA8F02FDD44FF002E1E2B /* TravelJournal */,
				B57DA8EF2FDD44FF002E1E2B /* Products */,
			);
			sourceTree = "<group>";
		};
		B57DA8EF2FDD44FF002E1E2B /* Products */ = {
			isa = PBXGroup;
			children = (
				B57DA8EE2FDD44FF002E1E2B /* TravelJournal.app */,
			);
			name = Products;
			sourceTree = "<group>";
		};
		B5C197972FFA840D00052574 /* static */ = {
			isa = PBXGroup;
			children = (
				B5C1977F2FFA840D00052574 /* InstrumentSans_Condensed-Bold.ttf */,
				B5C197802FFA840D00052574 /* InstrumentSans_Condensed-BoldItalic.ttf */,
				B5C197812FFA840D00052574 /* InstrumentSans_Condensed-Italic.ttf */,
				B5C197822FFA840D00052574 /* InstrumentSans_Condensed-Medium.ttf */,
				B5C197832FFA840D00052574 /* InstrumentSans_Condensed-MediumItalic.ttf */,
				B5C197842FFA840D00052574 /* InstrumentSans_Condensed-Regular.ttf */,
				B5C197852FFA840D00052574 /* InstrumentSans_Condensed-SemiBold.ttf */,
				B5C197862FFA840D00052574 /* InstrumentSans_Condensed-SemiBoldItalic.ttf */,
				B5C197872FFA840D00052574 /* InstrumentSans_SemiCondensed-Bold.ttf */,
				B5C197882FFA840D00052574 /* InstrumentSans_SemiCondensed-BoldItalic.ttf */,
				B5C197892FFA840D00052574 /* InstrumentSans_SemiCondensed-Italic.ttf */,
				B5C1978A2FFA840D00052574 /* InstrumentSans_SemiCondensed-Medium.ttf */,
				B5C1978B2FFA840D00052574 /* InstrumentSans_SemiCondensed-MediumItalic.ttf */,
				B5C1978C2FFA840D00052574 /* InstrumentSans_SemiCondensed-Regular.ttf */,
				B5C1978D2FFA840D00052574 /* InstrumentSans_SemiCondensed-SemiBold.ttf */,
				B5C1978E2FFA840D00052574 /* InstrumentSans_SemiCondensed-SemiBoldItalic.ttf */,
				B5C1978F2FFA840D00052574 /* InstrumentSans-Bold.ttf */,
				B5C197902FFA840D00052574 /* InstrumentSans-BoldItalic.ttf */,
				B5C197912FFA840D00052574 /* InstrumentSans-Italic.ttf */,
				B5C197922FFA840D00052574 /* InstrumentSans-Medium.ttf */,
				B5C197932FFA840D00052574 /* InstrumentSans-MediumItalic.ttf */,
				B5C197942FFA840D00052574 /* InstrumentSans-Regular.ttf */,
				B5C197952FFA840D00052574 /* InstrumentSans-SemiBold.ttf */,
				B5C197962FFA840D00052574 /* InstrumentSans-SemiBoldItalic.ttf */,
			);
			path = static;
			sourceTree = "<group>";
		};
		B5C1979C2FFA840D00052574 /* Instrument_Sans */ = {
			isa = PBXGroup;
			children = (
				B5C197972FFA840D00052574 /* static */,
				B5C197982FFA840D00052574 /* InstrumentSans-Italic-VariableFont_wdth,wght.ttf */,
				B5C197992FFA840D00052574 /* InstrumentSans-VariableFont_wdth,wght.ttf */,
				B5C1979A2FFA840D00052574 /* OFL.txt */,
				B5C1979B2FFA840D00052574 /* README.txt */,
			);
			path = Instrument_Sans;
			sourceTree = "<group>";
		};
/* End PBXGroup section */

/* Begin PBXNativeTarget section */
		B57DA8ED2FDD44FF002E1E2B /* TravelJournal */ = {
			isa = PBXNativeTarget;
			buildConfigurationList = B57DA8FB2FDD4500002E1E2B /* Build configuration list for PBXNativeTarget "TravelJournal" */;
			buildPhases = (
				B57DA8EA2FDD44FF002E1E2B /* Sources */,
				B57DA8EB2FDD44FF002E1E2B /* Frameworks */,
				B57DA8EC2FDD44FF002E1E2B /* Resources */,
			);
			buildRules = (
			);
			dependencies = (
			);
			fileSystemSynchronizedGroups = (
				B57DA8F02FDD44FF002E1E2B /* TravelJournal */,
			);
			name = TravelJournal;
			packageProductDependencies = (
			);
			productName = TravelJournal;
			productReference = B57DA8EE2FDD44FF002E1E2B /* TravelJournal.app */;
			productType = "com.apple.product-type.application";
		};
/* End PBXNativeTarget section */

/* Begin PBXProject section */
		B57DA8E62FDD44FF002E1E2B /* Project object */ = {
			isa = PBXProject;
			attributes = {
				BuildIndependentTargetsInParallel = 1;
				LastSwiftUpdateCheck = 2650;
				LastUpgradeCheck = 2700;
				TargetAttributes = {
					B57DA8ED2FDD44FF002E1E2B = {
						CreatedOnToolsVersion = 26.5;
					};
				};
			};
			buildConfigurationList = B57DA8E92FDD44FF002E1E2B /* Build configuration list for PBXProject "TravelJournal" */;
			developmentRegion = en;
			hasScannedForEncodings = 0;
			knownRegions = (
				en,
				Base,
			);
			mainGroup = B57DA8E52FDD44FF002E1E2B;
			minimizedProjectReferenceProxies = 1;
			preferredProjectObjectVersion = 77;
			productRefGroup = B57DA8EF2FDD44FF002E1E2B /* Products */;
			projectDirPath = "";
			projectRoot = "";
			targets = (
				B57DA8ED2FDD44FF002E1E2B /* TravelJournal */,
			);
		};
/* End PBXProject section */

/* Begin PBXResourcesBuildPhase section */
		B57DA8EC2FDD44FF002E1E2B /* Resources */ = {
			isa = PBXResourcesBuildPhase;
			buildActionMask = 2147483647;
			files = (
				B5C1979D2FFA840D00052574 /* InstrumentSans_Condensed-MediumItalic.ttf in Resources */,
				B5C1979E2FFA840D00052574 /* OFL.txt in Resources */,
				B5C1979F2FFA840D00052574 /* InstrumentSans-BoldItalic.ttf in Resources */,
				B5C197A02FFA840D00052574 /* InstrumentSans-SemiBold.ttf in Resources */,
				B5C197A12FFA840D00052574 /* InstrumentSans_SemiCondensed-MediumItalic.ttf in Resources */,
				B5C197A22FFA840D00052574 /* InstrumentSans_SemiCondensed-Medium.ttf in Resources */,
				B5C197A32FFA840D00052574 /* InstrumentSans_Condensed-Medium.ttf in Resources */,
				B5C197A42FFA840D00052574 /* InstrumentSans-Italic.ttf in Resources */,
				B5C197A52FFA840D00052574 /* InstrumentSans_SemiCondensed-Bold.ttf in Resources */,
				B5C197A62FFA840D00052574 /* InstrumentSans-VariableFont_wdth,wght.ttf in Resources */,
				B5C197A72FFA840D00052574 /* InstrumentSans_SemiCondensed-SemiBoldItalic.ttf in Resources */,
				B5C197A82FFA840D00052574 /* InstrumentSans-Italic-VariableFont_wdth,wght.ttf in Resources */,
				B5C197A92FFA840D00052574 /* InstrumentSans_SemiCondensed-BoldItalic.ttf in Resources */,
				B5C197AA2FFA840D00052574 /* InstrumentSans_SemiCondensed-Regular.ttf in Resources */,
				B5C197AB2FFA840D00052574 /* InstrumentSans_Condensed-Regular.ttf in Resources */,
				B5C197AC2FFA840D00052574 /* InstrumentSans-MediumItalic.ttf in Resources */,
				B5C197AD2FFA840D00052574 /* InstrumentSans-Regular.ttf in Resources */,
				B5C197AE2FFA840D00052574 /* InstrumentSans-Bold.ttf in Resources */,
				B5C197AF2FFA840D00052574 /* InstrumentSans_Condensed-SemiBoldItalic.ttf in Resources */,
				B5C197B02FFA840D00052574 /* InstrumentSans_SemiCondensed-SemiBold.ttf in Resources */,
				B5C197B12FFA840D00052574 /* InstrumentSans_Condensed-BoldItalic.ttf in Resources */,
				B5C197B22FFA840D00052574 /* InstrumentSans_Condensed-Italic.ttf in Resources */,
				B5C197B32FFA840D00052574 /* InstrumentSans-Medium.ttf in Resources */,
				B5C197B42FFA840D00052574 /* README.txt in Resources */,
				B5C197B52FFA840D00052574 /* InstrumentSans_SemiCondensed-Italic.ttf in Resources */,
				B5C197B62FFA840D00052574 /* InstrumentSans_Condensed-Bold.ttf in Resources */,
				B5C197B72FFA840D00052574 /* InstrumentSans-SemiBoldItalic.ttf in Resources */,
				B5C197B82FFA840D00052574 /* InstrumentSans_Condensed-SemiBold.ttf in Resources */,
			);
			runOnlyForDeploymentPostprocessing = 0;
		};
/* End PBXResourcesBuildPhase section */

/* Begin PBXSourcesBuildPhase section */
		B57DA8EA2FDD44FF002E1E2B /* Sources */ = {
			isa = PBXSourcesBuildPhase;
			buildActionMask = 2147483647;
			files = (
			);
			runOnlyForDeploymentPostprocessing = 0;
		};
/* End PBXSourcesBuildPhase section */

/* Begin XCBuildConfiguration section */
		B57DA8F92FDD4500002E1E2B /* Debug */ = {
			isa = XCBuildConfiguration;
			buildSettings = {
				ALWAYS_SEARCH_USER_PATHS = NO;
				ASSETCATALOG_COMPILER_GENERATE_SWIFT_ASSET_SYMBOL_EXTENSIONS = YES;
				CLANG_ANALYZER_NONNULL = YES;
				CLANG_ANALYZER_NUMBER_OBJECT_CONVERSION = YES_AGGRESSIVE;
				CLANG_CXX_LANGUAGE_STANDARD = "gnu++20";
				CLANG_ENABLE_MODULES = YES;
				CLANG_ENABLE_OBJC_ARC = YES;
				CLANG_ENABLE_OBJC_WEAK = YES;
				CLANG_WARN_BLOCK_CAPTURE_AUTORELEASING = YES;
				CLANG_WARN_BOOL_CONVERSION = YES;
				CLANG_WARN_COMMA = YES;
				CLANG_WARN_CONSTANT_CONVERSION = YES;
				CLANG_WARN_DEPRECATED_OBJC_IMPLEMENTATIONS = YES;
				CLANG_WARN_DIRECT_OBJC_ISA_USAGE = YES_ERROR;
				CLANG_WARN_DOCUMENTATION_COMMENTS = YES;
				CLANG_WARN_EMPTY_BODY = YES;
				CLANG_WARN_ENUM_CONVERSION = YES;
				CLANG_WARN_INFINITE_RECURSION = YES;
				CLANG_WARN_INT_CONVERSION = YES;
				CLANG_WARN_NON_LITERAL_NULL_CONVERSION = YES;
				CLANG_WARN_OBJC_IMPLICIT_RETAIN_SELF = YES;
				CLANG_WARN_OBJC_LITERAL_CONVERSION = YES;
				CLANG_WARN_OBJC_ROOT_CLASS = YES_ERROR;
				CLANG_WARN_QUOTED_INCLUDE_IN_FRAMEWORK_HEADER = YES;
				CLANG_WARN_RANGE_LOOP_ANALYSIS = YES;
				CLANG_WARN_STRICT_PROTOTYPES = YES;
				CLANG_WARN_SUSPICIOUS_MOVE = YES;
				CLANG_WARN_UNGUARDED_AVAILABILITY = YES_AGGRESSIVE;
				CLANG_WARN_UNREACHABLE_CODE = YES;
				CLANG_WARN__DUPLICATE_METHOD_MATCH = YES;
				COPY_PHASE_STRIP = NO;
				DEBUG_INFORMATION_FORMAT = dwarf;
				ENABLE_STRICT_OBJC_MSGSEND = YES;
				ENABLE_TESTABILITY = YES;
				ENABLE_USER_SCRIPT_SANDBOXING = YES;
				GCC_C_LANGUAGE_STANDARD = gnu17;
				GCC_DYNAMIC_NO_PIC = NO;
				GCC_NO_COMMON_BLOCKS = YES;
				GCC_OPTIMIZATION_LEVEL = 0;
				GCC_PREPROCESSOR_DEFINITIONS = (
					"DEBUG=1",
					"$(inherited)",
				);
				GCC_WARN_64_TO_32_BIT_CONVERSION = YES;
				GCC_WARN_ABOUT_RETURN_TYPE = YES_ERROR;
				GCC_WARN_UNDECLARED_SELECTOR = YES;
				GCC_WARN_UNINITIALIZED_AUTOS = YES_AGGRESSIVE;
				GCC_WARN_UNUSED_FUNCTION = YES;
				GCC_WARN_UNUSED_VARIABLE = YES;
				IPHONEOS_DEPLOYMENT_TARGET = 26.5;
				LOCALIZATION_PREFERS_STRING_CATALOGS = YES;
				MTL_ENABLE_DEBUG_INFO = INCLUDE_SOURCE;
				MTL_FAST_MATH = YES;
				ONLY_ACTIVE_ARCH = YES;
				SDKROOT = iphoneos;
				STRING_CATALOG_GENERATE_SYMBOLS = YES;
				SWIFT_ACTIVE_COMPILATION_CONDITIONS = "DEBUG $(inherited)";
				SWIFT_OPTIMIZATION_LEVEL = "-Onone";
			};
			name = Debug;
		};
		B57DA8FA2FDD4500002E1E2B /* Release */ = {
			isa = XCBuildConfiguration;
			buildSettings = {
				ALWAYS_SEARCH_USER_PATHS = NO;
				ASSETCATALOG_COMPILER_GENERATE_SWIFT_ASSET_SYMBOL_EXTENSIONS = YES;
				CLANG_ANALYZER_NONNULL = YES;
				CLANG_ANALYZER_NUMBER_OBJECT_CONVERSION = YES_AGGRESSIVE;
				CLANG_CXX_LANGUAGE_STANDARD = "gnu++20";
				CLANG_ENABLE_MODULES = YES;
				CLANG_ENABLE_OBJC_ARC = YES;
				CLANG_ENABLE_OBJC_WEAK = YES;
				CLANG_WARN_BLOCK_CAPTURE_AUTORELEASING = YES;
				CLANG_WARN_BOOL_CONVERSION = YES;
				CLANG_WARN_COMMA = YES;
				CLANG_WARN_CONSTANT_CONVERSION = YES;
				CLANG_WARN_DEPRECATED_OBJC_IMPLEMENTATIONS = YES;
				CLANG_WARN_DIRECT_OBJC_ISA_USAGE = YES_ERROR;
				CLANG_WARN_DOCUMENTATION_COMMENTS = YES;
				CLANG_WARN_EMPTY_BODY = YES;
				CLANG_WARN_ENUM_CONVERSION = YES;
				CLANG_WARN_INFINITE_RECURSION = YES;
				CLANG_WARN_INT_CONVERSION = YES;
				CLANG_WARN_NON_LITERAL_NULL_CONVERSION = YES;
				CLANG_WARN_OBJC_IMPLICIT_RETAIN_SELF = YES;
				CLANG_WARN_OBJC_LITERAL_CONVERSION = YES;
				CLANG_WARN_OBJC_ROOT_CLASS = YES_ERROR;
				CLANG_WARN_QUOTED_INCLUDE_IN_FRAMEWORK_HEADER = YES;
				CLANG_WARN_RANGE_LOOP_ANALYSIS = YES;
				CLANG_WARN_STRICT_PROTOTYPES = YES;
				CLANG_WARN_SUSPICIOUS_MOVE = YES;
				CLANG_WARN_UNGUARDED_AVAILABILITY = YES_AGGRESSIVE;
				CLANG_WARN_UNREACHABLE_CODE = YES;
				CLANG_WARN__DUPLICATE_METHOD_MATCH = YES;
				COPY_PHASE_STRIP = NO;
				DEBUG_INFORMATION_FORMAT = "dwarf-with-dsym";
				ENABLE_NS_ASSERTIONS = NO;
				ENABLE_STRICT_OBJC_MSGSEND = YES;
				ENABLE_USER_SCRIPT_SANDBOXING = YES;
				GCC_C_LANGUAGE_STANDARD = gnu17;
				GCC_NO_COMMON_BLOCKS = YES;
				GCC_WARN_64_TO_32_BIT_CONVERSION = YES;
				GCC_WARN_ABOUT_RETURN_TYPE = YES_ERROR;
				GCC_WARN_UNDECLARED_SELECTOR = YES;
				GCC_WARN_UNINITIALIZED_AUTOS = YES_AGGRESSIVE;
				GCC_WARN_UNUSED_FUNCTION = YES;
				GCC_WARN_UNUSED_VARIABLE = YES;
				IPHONEOS_DEPLOYMENT_TARGET = 26.5;
				LOCALIZATION_PREFERS_STRING_CATALOGS = YES;
				MTL_ENABLE_DEBUG_INFO = NO;
				MTL_FAST_MATH = YES;
				SDKROOT = iphoneos;
				STRING_CATALOG_GENERATE_SYMBOLS = YES;
				SWIFT_COMPILATION_MODE = wholemodule;
				VALIDATE_PRODUCT = YES;
			};
			name = Release;
		};
		B57DA8FC2FDD4500002E1E2B /* Debug */ = {
			isa = XCBuildConfiguration;
			buildSettings = {
				ASSETCATALOG_COMPILER_APPICON_NAME = AppIcon;
				ASSETCATALOG_COMPILER_GLOBAL_ACCENT_COLOR_NAME = AccentColor;
				CODE_SIGN_STYLE = Automatic;
				CURRENT_PROJECT_VERSION = 1;
				DEVELOPMENT_TEAM = A6YZUQQ7BF;
				ENABLE_PREVIEWS = YES;
				GENERATE_INFOPLIST_FILE = YES;
				INFOPLIST_FILE = TravelJournal/Info.plist;
				INFOPLIST_KEY_CFBundleDisplayName = "";
				INFOPLIST_KEY_LSApplicationCategoryType = "";
				INFOPLIST_KEY_NSHumanReadableCopyright = "";
				INFOPLIST_KEY_NSPhotoLibraryUsageDescription = "Travel Journal needs access to your photos to import trip albums.";
				INFOPLIST_KEY_UIApplicationSceneManifest_Generation = YES;
				INFOPLIST_KEY_UIApplicationSupportsIndirectInputEvents = YES;
				INFOPLIST_KEY_UILaunchScreen_Generation = YES;
				INFOPLIST_KEY_UISupportedInterfaceOrientations_iPad = "UIInterfaceOrientationPortrait UIInterfaceOrientationPortraitUpsideDown UIInterfaceOrientationLandscapeLeft UIInterfaceOrientationLandscapeRight";
				INFOPLIST_KEY_UISupportedInterfaceOrientations_iPhone = "UIInterfaceOrientationPortrait UIInterfaceOrientationLandscapeLeft UIInterfaceOrientationLandscapeRight";
				LD_RUNPATH_SEARCH_PATHS = (
					"$(inherited)",
					"@executable_path/Frameworks",
				);
				MARKETING_VERSION = 1.0;
				PRODUCT_BUNDLE_IDENTIFIER = GaryCrook.TravelJournal;
				PRODUCT_NAME = "$(TARGET_NAME)";
				STRING_CATALOG_GENERATE_SYMBOLS = YES;
				SWIFT_APPROACHABLE_CONCURRENCY = YES;
				SWIFT_DEFAULT_ACTOR_ISOLATION = MainActor;
				SWIFT_EMIT_LOC_STRINGS = YES;
				SWIFT_UPCOMING_FEATURE_MEMBER_IMPORT_VISIBILITY = YES;
				SWIFT_VERSION = 5.0;
				TARGETED_DEVICE_FAMILY = "1,2";
			};
			name = Debug;
		};
		B57DA8FD2FDD4500002E1E2B /* Release */ = {
			isa = XCBuildConfiguration;
			buildSettings = {
				ASSETCATALOG_COMPILER_APPICON_NAME = AppIcon;
				ASSETCATALOG_COMPILER_GLOBAL_ACCENT_COLOR_NAME = AccentColor;
				CODE_SIGN_STYLE = Automatic;
				CURRENT_PROJECT_VERSION = 1;
				DEVELOPMENT_TEAM = A6YZUQQ7BF;
				ENABLE_PREVIEWS = YES;
				GENERATE_INFOPLIST_FILE = YES;
				INFOPLIST_FILE = TravelJournal/Info.plist;
				INFOPLIST_KEY_CFBundleDisplayName = "";
				INFOPLIST_KEY_LSApplicationCategoryType = "";
				INFOPLIST_KEY_NSHumanReadableCopyright = "";
				INFOPLIST_KEY_NSPhotoLibraryUsageDescription = "Travel Journal needs access to your photos to import trip albums.";
				INFOPLIST_KEY_UIApplicationSceneManifest_Generation = YES;
				INFOPLIST_KEY_UIApplicationSupportsIndirectInputEvents = YES;
				INFOPLIST_KEY_UILaunchScreen_Generation = YES;
				INFOPLIST_KEY_UISupportedInterfaceOrientations_iPad = "UIInterfaceOrientationPortrait UIInterfaceOrientationPortraitUpsideDown UIInterfaceOrientationLandscapeLeft UIInterfaceOrientationLandscapeRight";
				INFOPLIST_KEY_UISupportedInterfaceOrientations_iPhone = "UIInterfaceOrientationPortrait UIInterfaceOrientationLandscapeLeft UIInterfaceOrientationLandscapeRight";
				LD_RUNPATH_SEARCH_PATHS = (
					"$(inherited)",
					"@executable_path/Frameworks",
				);
				MARKETING_VERSION = 1.0;
				PRODUCT_BUNDLE_IDENTIFIER = GaryCrook.TravelJournal;
				PRODUCT_NAME = "$(TARGET_NAME)";
				STRING_CATALOG_GENERATE_SYMBOLS = YES;
				SWIFT_APPROACHABLE_CONCURRENCY = YES;
				SWIFT_DEFAULT_ACTOR_ISOLATION = MainActor;
				SWIFT_EMIT_LOC_STRINGS = YES;
				SWIFT_UPCOMING_FEATURE_MEMBER_IMPORT_VISIBILITY = YES;
				SWIFT_VERSION = 5.0;
				TARGETED_DEVICE_FAMILY = "1,2";
			};
			name = Release;
		};
/* End XCBuildConfiguration section */

/* Begin XCConfigurationList section */
		B57DA8E92FDD44FF002E1E2B /* Build configuration list for PBXProject "TravelJournal" */ = {
			isa = XCConfigurationList;
			buildConfigurations = (
				B57DA8F92FDD4500002E1E2B /* Debug */,
				B57DA8FA2FDD4500002E1E2B /* Release */,
			);
			defaultConfigurationIsVisible = 0;
			defaultConfigurationName = Release;
		};
		B57DA8FB2FDD4500002E1E2B /* Build configuration list for PBXNativeTarget "TravelJournal" */ = {
			isa = XCConfigurationList;
			buildConfigurations = (
				B57DA8FC2FDD4500002E1E2B /* Debug */,
				B57DA8FD2FDD4500002E1E2B /* Release */,
			);
			defaultConfigurationIsVisible = 0;
			defaultConfigurationName = Release;
		};
/* End XCConfigurationList section */
	};
	rootObject = B57DA8E62FDD44FF002E1E2B /* Project object */;
}
